
Microsoft Visual Studio Solution File, Format Version 12.00
# Visual Studio Version 17
VisualStudioVersion = 17.6.33815.320
MinimumVisualStudioVersion = 10.0.40219.1
Project("{FAE04EC0-301F-11D3-BF4B-00C04F79EFBC}") = "eCommerceSite", "eCommerceSite\eCommerceSite.csproj", "{B3AA51C9-BFEB-424D-A2D6-515EA5B0EE0A}"
EndProject
Global
	GlobalSection(SolutionConfigurationPlatforms) = preSolution
		Debug|Any CPU = Debug|Any CPU
		Release|Any CPU = Release|Any CPU
	EndGlobalSection
	GlobalSection(ProjectConfigurationPlatforms) = postSolution
		{B3AA51C9-BFEB-424D-A2D6-515EA5B0EE0A}.Debug|Any CPU.ActiveCfg = Debug|Any CPU
		{B3AA51C9-BFEB-424D-A2D6-515EA5B0EE0A}.Debug|Any CPU.Build.0 = Debug|Any CPU
		{B3AA51C9-BFEB-424D-A2D6-515EA5B0EE0A}.Release|Any CPU.ActiveCfg = Release|Any CPU
		{B3AA51C9-BFEB-424D-A2D6-515EA5B0EE0A}.Release|Any CPU.Build.0 = Release|Any CPU
	EndGlobalSection
	GlobalSection(SolutionProperties) = preSolution
		HideSolutionNode = FALSE
	EndGlobalSection
	GlobalSection(ExtensibilityGlobals) = postSolution
		SolutionGuid = {089FA94B-294F-44F5-A8A4-C12C9886980C}
	EndGlobalSection
EndGlobal
